
Microsoft Visual Studio Solution File, Format Version 12.00
# Visual Studio Version 16
VisualStudioVersion = 16.0.31613.86
MinimumVisualStudioVersion = 10.0.40219.1
Project("{FAE04EC0-301F-11D3-BF4B-00C04F79EFBC}") = "deuPayApi", "deuPayApi\deuPayApi.csproj", "{12BD536E-7A0E-46B5-A4E7-D0BBC61E426A}"
EndProject
Global
	GlobalSection(SolutionConfigurationPlatforms) = preSolution
		Debug|Any CPU = Debug|Any CPU
		Release|Any CPU = Release|Any CPU
	EndGlobalSection
	GlobalSection(ProjectConfigurationPlatforms) = postSolution
		{12BD536E-7A0E-46B5-A4E7-D0BBC61E426A}.Debug|Any CPU.ActiveCfg = Debug|Any CPU
		{12BD536E-7A0E-46B5-A4E7-D0BBC61E426A}.Debug|Any CPU.Build.0 = Debug|Any CPU
		{12BD536E-7A0E-46B5-A4E7-D0BBC61E426A}.Release|Any CPU.ActiveCfg = Release|Any CPU
		{12BD536E-7A0E-46B5-A4E7-D0BBC61E426A}.Release|Any CPU.Build.0 = Release|Any CPU
	EndGlobalSection
	GlobalSection(SolutionProperties) = preSolution
		HideSolutionNode = FALSE
	EndGlobalSection
	GlobalSection(ExtensibilityGlobals) = postSolution
		SolutionGuid = {51072046-87B0-4119-9659-31C6AD75DFD4}
	EndGlobalSection
EndGlobal
